
Microsoft Visual Studio Solution File, Format Version 12.00
# Visual Studio Version 16
VisualStudioVersion = 16.0.31515.178
MinimumVisualStudioVersion = 10.0.40219.1
Project("{FAE04EC0-301F-11D3-BF4B-00C04F79EFBC}") = "KurumsalWeb5", "KurumsalWeb5\KurumsalWeb5.csproj", "{9017F315-0887-44DA-8AAA-0C325D0BB27C}"
EndProject
Global
	GlobalSection(SolutionConfigurationPlatforms) = preSolution
		Debug|Any CPU = Debug|Any CPU
		Release|Any CPU = Release|Any CPU
	EndGlobalSection
	GlobalSection(ProjectConfigurationPlatforms) = postSolution
		{9017F315-0887-44DA-8AAA-0C325D0BB27C}.Debug|Any CPU.ActiveCfg = Debug|Any CPU
		{9017F315-0887-44DA-8AAA-0C325D0BB27C}.Debug|Any CPU.Build.0 = Debug|Any CPU
		{9017F315-0887-44DA-8AAA-0C325D0BB27C}.Release|Any CPU.ActiveCfg = Release|Any CPU
		{9017F315-0887-44DA-8AAA-0C325D0BB27C}.Release|Any CPU.Build.0 = Release|Any CPU
	EndGlobalSection
	GlobalSection(SolutionProperties) = preSolution
		HideSolutionNode = FALSE
	EndGlobalSection
	GlobalSection(ExtensibilityGlobals) = postSolution
		SolutionGuid = {92FD53F1-B17A-4070-A4D1-99D5B1145793}
	EndGlobalSection
EndGlobal
